
Microsoft Visual Studio Solution File, Format Version 12.00
Project("{FAE04EC0-301F-11D3-BF4B-00C04F79EFBC}") = "TrainGit", "TrainGit\TrainGit.csproj", "{FADAEB01-9849-43D7-A5E7-9BF93DB8E77E}"
EndProject
Global
	GlobalSection(SolutionConfigurationPlatforms) = preSolution
		Debug|Any CPU = Debug|Any CPU
		Release|Any CPU = Release|Any CPU
	EndGlobalSection
	GlobalSection(ProjectConfigurationPlatforms) = postSolution
		{FADAEB01-9849-43D7-A5E7-9BF93DB8E77E}.Debug|Any CPU.ActiveCfg = Debug|Any CPU
		{FADAEB01-9849-43D7-A5E7-9BF93DB8E77E}.Debug|Any CPU.Build.0 = Debug|Any CPU
		{FADAEB01-9849-43D7-A5E7-9BF93DB8E77E}.Release|Any CPU.ActiveCfg = Release|Any CPU
		{FADAEB01-9849-43D7-A5E7-9BF93DB8E77E}.Release|Any CPU.Build.0 = Release|Any CPU
	EndGlobalSection
EndGlobal
